{
  "name": ".dotfiles",
  "lockfileVersion": 3,
  "requires": true,
  "packages": {
    "": {
      "dependencies": {
        "env-win": "^0.0.0"
      }
    },
    "node_modules/env-win": {
      "version": "0.0.0",
      "resolved": "https://registry.npmjs.org/env-win/-/env-win-0.0.0.tgz",
      "integrity": "sha512-4wI52W6ICTEsfOQ8n3KJkK03D60DCgef/yomQJxNRjWN/R9Mkw+29O04qduBBu1Vs3jWCFXxR4XeohynNR1drw=="
    }
  }
}
