lockfileVersion: '9.0'

settings:
  autoInstallPeers: true
  excludeLinksFromLockfile: false

importers:

  .:
    devDependencies:
      '@opencode-ai/plugin':
        specifier: ^1.4.0
        version: 1.4.0
      '@types/node':
        specifier: ^25.5.2
        version: 25.5.2

packages:

  '@opencode-ai/plugin@1.4.0':
    resolution: {integrity: sha512-VFIff6LHp/RVaJdrK3EQ1ijx0K1tV5i1DY5YJ+pRqwC6trunPHbvqSN0GHSTZX39RdnSc+XuzCTZQCy1W2qNOg==}
    peerDependencies:
      '@opentui/core': '>=0.1.97'
      '@opentui/solid': '>=0.1.97'
    peerDependenciesMeta:
      '@opentui/core':
        optional: true
      '@opentui/solid':
        optional: true

  '@opencode-ai/sdk@1.4.0':
    resolution: {integrity: sha512-mfa3MzhqNM+Az4bgPDDXL3NdG+aYOHClXmT6/4qLxf2ulyfPpMNHqb9Dfmo4D8UfmrDsPuJHmbune73/nUQnuw==}

  '@types/node@25.5.2':
    resolution: {integrity: sha512-tO4ZIRKNC+MDWV4qKVZe3Ql/woTnmHDr5JD8UI5hn2pwBrHEwOEMZK7WlNb5RKB6EoJ02gwmQS9OrjuFnZYdpg==}

  cross-spawn@7.0.6:
    resolution: {integrity: sha512-uV2QOWP2nWzsy2aMp8aRibhi9dlzF5Hgh5SHaB9OiTGEyDTiJJyx0uy51QXdyWbtAHNua4XJzUKca3OzKUd3vA==}
    engines: {node: '>= 8'}

  isexe@2.0.0:
    resolution: {integrity: sha512-RHxMLp9lnKHGHRng9QFhRCMbYAcVpn69smSGcq3f36xjgVVWThj4qqLbTLlq7Ssj8B+fIQ1EuCEGI2lKsyQeIw==}

  path-key@3.1.1:
    resolution: {integrity: sha512-ojmeN0qd+y0jszEtoY48r0Peq5dwMEkIlCOu6Q5f41lfkswXuKtYrhgoTpLnyIcHm24Uhqx+5Tqm2InSwLhE6Q==}
    engines: {node: '>=8'}

  shebang-command@2.0.0:
    resolution: {integrity: sha512-kHxr2zZpYtdmrN1qDjrrX/Z1rR1kG8Dx+gkpK1G4eXmvXswmcE1hTWBWYUzlraYw1/yZp6YuDY77YtvbN0dmDA==}
    engines: {node: '>=8'}

  shebang-regex@3.0.0:
    resolution: {integrity: sha512-7++dFhtcx3353uBaq8DDR4NuxBetBzC7ZQOhmTQInHEd6bSrXdiEyzCvG07Z44UYdLShWUyXt5M/yhz8ekcb1A==}
    engines: {node: '>=8'}

  undici-types@7.18.2:
    resolution: {integrity: sha512-AsuCzffGHJybSaRrmr5eHr81mwJU3kjw6M+uprWvCXiNeN9SOGwQ3Jn8jb8m3Z6izVgknn1R0FTCEAP2QrLY/w==}

  which@2.0.2:
    resolution: {integrity: sha512-BLI3Tl1TW3Pvl70l3yq3Y64i+awpwXqsGBYWkkqMtnbXgrMD+yj7rhW0kuEDxzJaYXGjEW5ogapKNMEKNMjibA==}
    engines: {node: '>= 8'}
    hasBin: true

  zod@4.1.8:
    resolution: {integrity: sha512-5R1P+WwQqmmMIEACyzSvo4JXHY5WiAFHRMg+zBZKgKS+Q1viRa0C1hmUKtHltoIFKtIdki3pRxkmpP74jnNYHQ==}

snapshots:

  '@opencode-ai/plugin@1.4.0':
    dependencies:
      '@opencode-ai/sdk': 1.4.0
      zod: 4.1.8

  '@opencode-ai/sdk@1.4.0':
    dependencies:
      cross-spawn: 7.0.6

  '@types/node@25.5.2':
    dependencies:
      undici-types: 7.18.2

  cross-spawn@7.0.6:
    dependencies:
      path-key: 3.1.1
      shebang-command: 2.0.0
      which: 2.0.2

  isexe@2.0.0: {}

  path-key@3.1.1: {}

  shebang-command@2.0.0:
    dependencies:
      shebang-regex: 3.0.0

  shebang-regex@3.0.0: {}

  undici-types@7.18.2: {}

  which@2.0.2:
    dependencies:
      isexe: 2.0.0

  zod@4.1.8: {}
